
Microsoft Visual Studio Solution File, Format Version 12.00
# Visual Studio Version 17
VisualStudioVersion = 17.10.35201.131
MinimumVisualStudioVersion = 10.0.40219.1
Project("{FAE04EC0-301F-11D3-BF4B-00C04F79EFBC}") = "api", "api\api.csproj", "{8EFCD6A5-FCA2-4764-ACFD-BDFA37354A30}"
EndProject
Project("{E53339B2-1760-4266-BCC7-CA923CBCF16C}") = "docker-compose", "docker-compose.dcproj", "{557C2CC7-EEA1-41F0-A538-D2A94A9E5982}"
EndProject
Global
	GlobalSection(SolutionConfigurationPlatforms) = preSolution
		Debug|Any CPU = Debug|Any CPU
		Release|Any CPU = Release|Any CPU
	EndGlobalSection
	GlobalSection(ProjectConfigurationPlatforms) = postSolution
		{8EFCD6A5-FCA2-4764-ACFD-BDFA37354A30}.Debug|Any CPU.ActiveCfg = Debug|Any CPU
		{8EFCD6A5-FCA2-4764-ACFD-BDFA37354A30}.Debug|Any CPU.Build.0 = Debug|Any CPU
		{8EFCD6A5-FCA2-4764-ACFD-BDFA37354A30}.Release|Any CPU.ActiveCfg = Release|Any CPU
		{8EFCD6A5-FCA2-4764-ACFD-BDFA37354A30}.Release|Any CPU.Build.0 = Release|Any CPU
		{557C2CC7-EEA1-41F0-A538-D2A94A9E5982}.Debug|Any CPU.ActiveCfg = Debug|Any CPU
		{557C2CC7-EEA1-41F0-A538-D2A94A9E5982}.Debug|Any CPU.Build.0 = Debug|Any CPU
		{557C2CC7-EEA1-41F0-A538-D2A94A9E5982}.Release|Any CPU.ActiveCfg = Release|Any CPU
		{557C2CC7-EEA1-41F0-A538-D2A94A9E5982}.Release|Any CPU.Build.0 = Release|Any CPU
	EndGlobalSection
	GlobalSection(SolutionProperties) = preSolution
		HideSolutionNode = FALSE
	EndGlobalSection
	GlobalSection(ExtensibilityGlobals) = postSolution
		SolutionGuid = {41F5F145-AE51-4B95-87CE-4C3A1F8AA010}
	EndGlobalSection
EndGlobal
